
Microsoft Visual Studio Solution File, Format Version 12.00
# Visual Studio Version 17
VisualStudioVersion = 17.9.34728.123
MinimumVisualStudioVersion = 10.0.40219.1
Project("{FAE04EC0-301F-11D3-BF4B-00C04F79EFBC}") = "Assignment-1.3", "Assignment-1.3.csproj", "{648A6964-39EE-4DFB-8B73-D5CCA52FF838}"
EndProject
Global
	GlobalSection(SolutionConfigurationPlatforms) = preSolution
		Debug|Any CPU = Debug|Any CPU
		Release|Any CPU = Release|Any CPU
	EndGlobalSection
	GlobalSection(ProjectConfigurationPlatforms) = postSolution
		{648A6964-39EE-4DFB-8B73-D5CCA52FF838}.Debug|Any CPU.ActiveCfg = Debug|Any CPU
		{648A6964-39EE-4DFB-8B73-D5CCA52FF838}.Debug|Any CPU.Build.0 = Debug|Any CPU
		{648A6964-39EE-4DFB-8B73-D5CCA52FF838}.Release|Any CPU.ActiveCfg = Release|Any CPU
		{648A6964-39EE-4DFB-8B73-D5CCA52FF838}.Release|Any CPU.Build.0 = Release|Any CPU
	EndGlobalSection
	GlobalSection(SolutionProperties) = preSolution
		HideSolutionNode = FALSE
	EndGlobalSection
	GlobalSection(ExtensibilityGlobals) = postSolution
		SolutionGuid = {0641E0A5-FAB3-4E39-8FE9-E901B5EF7022}
	EndGlobalSection
EndGlobal
