
Microsoft Visual Studio Solution File, Format Version 12.00
# Visual Studio Version 17
VisualStudioVersion = 17.9.34728.123
MinimumVisualStudioVersion = 10.0.40219.1
Project("{9A19103F-16F7-4668-BE54-9A1E7A4F7556}") = "Assignment-1.3", "Assignment-1.3.csproj", "{648A6964-39EE-4DFB-8B73-D5CCA52FF838}"
EndProject
Project("{9A19103F-16F7-4668-BE54-9A1E7A4F7556}") = "Assignment-2.1", "..\Assignment-2.1\Assignment-2.1.csproj", "{C20EE008-A1FF-42EA-B8EB-F6951EF1A4E0}"
EndProject
Project("{9A19103F-16F7-4668-BE54-9A1E7A4F7556}") = "Assignment-2.2", "..\Assignment-2.2\Assignment-2.2.csproj", "{F7A7AAAF-DC50-407F-80D7-C5AC8F5D3B83}"
EndProject
Project("{9A19103F-16F7-4668-BE54-9A1E7A4F7556}") = "FibonacciCalculator", "..\FibonacciCalculator\FibonacciCalculator.csproj", "{192A266A-633A-4F41-9308-29719300AC0A}"
EndProject
Project("{9A19103F-16F7-4668-BE54-9A1E7A4F7556}") = "Assignment-3.1", "..\Assignment-3.1\Assignment-3.1.csproj", "{577BFB8D-DF19-466D-A107-4F7795ED83E3}"
EndProject
Project("{9A19103F-16F7-4668-BE54-9A1E7A4F7556}") = "Assignment-3.2", "..\Assignment-3.2\Assignment-3.2.csproj", "{DE0EA5B1-BCF0-4A61-AC72-22A344D4F657}"
EndProject
Project("{9A19103F-16F7-4668-BE54-9A1E7A4F7556}") = "Assignment-4.1", "..\Assignment-4.1\Assignment-4.1.csproj", "{77BB9BD7-1CFB-4838-8C8F-10F3DACB367B}"
EndProject
Project("{FAE04EC0-301F-11D3-BF4B-00C04F79EFBC}") = "Assignment-4.2", "..\Assignment-4.2\Assignment-4.2.csproj", "{140CC6CA-C727-48AC-A96E-9B849570111E}"
EndProject
Project("{FAE04EC0-301F-11D3-BF4B-00C04F79EFBC}") = "Apply-3.2", "..\Apply-3.2\Apply-3.2.csproj", "{2BE09171-91C9-4481-AFDA-D4B7730AAD74}"
EndProject
Global
	GlobalSection(SolutionConfigurationPlatforms) = preSolution
		Debug|Any CPU = Debug|Any CPU
		Release|Any CPU = Release|Any CPU
	EndGlobalSection
	GlobalSection(ProjectConfigurationPlatforms) = postSolution
		{648A6964-39EE-4DFB-8B73-D5CCA52FF838}.Debug|Any CPU.ActiveCfg = Debug|Any CPU
		{648A6964-39EE-4DFB-8B73-D5CCA52FF838}.Debug|Any CPU.Build.0 = Debug|Any CPU
		{648A6964-39EE-4DFB-8B73-D5CCA52FF838}.Release|Any CPU.ActiveCfg = Release|Any CPU
		{648A6964-39EE-4DFB-8B73-D5CCA52FF838}.Release|Any CPU.Build.0 = Release|Any CPU
		{C20EE008-A1FF-42EA-B8EB-F6951EF1A4E0}.Debug|Any CPU.ActiveCfg = Debug|Any CPU
		{C20EE008-A1FF-42EA-B8EB-F6951EF1A4E0}.Debug|Any CPU.Build.0 = Debug|Any CPU
		{C20EE008-A1FF-42EA-B8EB-F6951EF1A4E0}.Release|Any CPU.ActiveCfg = Release|Any CPU
		{C20EE008-A1FF-42EA-B8EB-F6951EF1A4E0}.Release|Any CPU.Build.0 = Release|Any CPU
		{F7A7AAAF-DC50-407F-80D7-C5AC8F5D3B83}.Debug|Any CPU.ActiveCfg = Debug|Any CPU
		{F7A7AAAF-DC50-407F-80D7-C5AC8F5D3B83}.Debug|Any CPU.Build.0 = Debug|Any CPU
		{F7A7AAAF-DC50-407F-80D7-C5AC8F5D3B83}.Release|Any CPU.ActiveCfg = Release|Any CPU
		{F7A7AAAF-DC50-407F-80D7-C5AC8F5D3B83}.Release|Any CPU.Build.0 = Release|Any CPU
		{192A266A-633A-4F41-9308-29719300AC0A}.Debug|Any CPU.ActiveCfg = Debug|Any CPU
		{192A266A-633A-4F41-9308-29719300AC0A}.Debug|Any CPU.Build.0 = Debug|Any CPU
		{192A266A-633A-4F41-9308-29719300AC0A}.Release|Any CPU.ActiveCfg = Release|Any CPU
		{192A266A-633A-4F41-9308-29719300AC0A}.Release|Any CPU.Build.0 = Release|Any CPU
		{577BFB8D-DF19-466D-A107-4F7795ED83E3}.Debug|Any CPU.ActiveCfg = Debug|Any CPU
		{577BFB8D-DF19-466D-A107-4F7795ED83E3}.Debug|Any CPU.Build.0 = Debug|Any CPU
		{577BFB8D-DF19-466D-A107-4F7795ED83E3}.Release|Any CPU.ActiveCfg = Release|Any CPU
		{577BFB8D-DF19-466D-A107-4F7795ED83E3}.Release|Any CPU.Build.0 = Release|Any CPU
		{DE0EA5B1-BCF0-4A61-AC72-22A344D4F657}.Debug|Any CPU.ActiveCfg = Debug|Any CPU
		{DE0EA5B1-BCF0-4A61-AC72-22A344D4F657}.Debug|Any CPU.Build.0 = Debug|Any CPU
		{DE0EA5B1-BCF0-4A61-AC72-22A344D4F657}.Release|Any CPU.ActiveCfg = Release|Any CPU
		{DE0EA5B1-BCF0-4A61-AC72-22A344D4F657}.Release|Any CPU.Build.0 = Release|Any CPU
		{77BB9BD7-1CFB-4838-8C8F-10F3DACB367B}.Debug|Any CPU.ActiveCfg = Debug|Any CPU
		{77BB9BD7-1CFB-4838-8C8F-10F3DACB367B}.Debug|Any CPU.Build.0 = Debug|Any CPU
		{77BB9BD7-1CFB-4838-8C8F-10F3DACB367B}.Release|Any CPU.ActiveCfg = Release|Any CPU
		{77BB9BD7-1CFB-4838-8C8F-10F3DACB367B}.Release|Any CPU.Build.0 = Release|Any CPU
		{140CC6CA-C727-48AC-A96E-9B849570111E}.Debug|Any CPU.ActiveCfg = Debug|Any CPU
		{140CC6CA-C727-48AC-A96E-9B849570111E}.Debug|Any CPU.Build.0 = Debug|Any CPU
		{140CC6CA-C727-48AC-A96E-9B849570111E}.Release|Any CPU.ActiveCfg = Release|Any CPU
		{140CC6CA-C727-48AC-A96E-9B849570111E}.Release|Any CPU.Build.0 = Release|Any CPU
		{2BE09171-91C9-4481-AFDA-D4B7730AAD74}.Debug|Any CPU.ActiveCfg = Debug|Any CPU
		{2BE09171-91C9-4481-AFDA-D4B7730AAD74}.Debug|Any CPU.Build.0 = Debug|Any CPU
		{2BE09171-91C9-4481-AFDA-D4B7730AAD74}.Release|Any CPU.ActiveCfg = Release|Any CPU
		{2BE09171-91C9-4481-AFDA-D4B7730AAD74}.Release|Any CPU.Build.0 = Release|Any CPU
	EndGlobalSection
	GlobalSection(SolutionProperties) = preSolution
		HideSolutionNode = FALSE
	EndGlobalSection
	GlobalSection(ExtensibilityGlobals) = postSolution
		SolutionGuid = {0641E0A5-FAB3-4E39-8FE9-E901B5EF7022}
	EndGlobalSection
EndGlobal
